
Microsoft Visual Studio Solution File, Format Version 12.00
# Visual Studio Version 16
VisualStudioVersion = 16.0.30503.244
MinimumVisualStudioVersion = 10.0.40219.1
Project("{FAE04EC0-301F-11D3-BF4B-00C04F79EFBC}") = "FunzioniMatematiche", "Matematica\FunzioniMatematiche.csproj", "{ADA1AFA7-5D07-4C2E-BC02-DF6247CF1D4B}"
EndProject
Project("{FAE04EC0-301F-11D3-BF4B-00C04F79EFBC}") = "Prova", "Prova\Prova.csproj", "{0818ACE1-413B-465C-ABA2-9C07CFB3348C}"
EndProject
Global
	GlobalSection(SolutionConfigurationPlatforms) = preSolution
		Debug|Any CPU = Debug|Any CPU
		Release|Any CPU = Release|Any CPU
	EndGlobalSection
	GlobalSection(ProjectConfigurationPlatforms) = postSolution
		{ADA1AFA7-5D07-4C2E-BC02-DF6247CF1D4B}.Debug|Any CPU.ActiveCfg = Debug|Any CPU
		{ADA1AFA7-5D07-4C2E-BC02-DF6247CF1D4B}.Debug|Any CPU.Build.0 = Debug|Any CPU
		{ADA1AFA7-5D07-4C2E-BC02-DF6247CF1D4B}.Release|Any CPU.ActiveCfg = Release|Any CPU
		{ADA1AFA7-5D07-4C2E-BC02-DF6247CF1D4B}.Release|Any CPU.Build.0 = Release|Any CPU
		{0818ACE1-413B-465C-ABA2-9C07CFB3348C}.Debug|Any CPU.ActiveCfg = Debug|Any CPU
		{0818ACE1-413B-465C-ABA2-9C07CFB3348C}.Debug|Any CPU.Build.0 = Debug|Any CPU
		{0818ACE1-413B-465C-ABA2-9C07CFB3348C}.Release|Any CPU.ActiveCfg = Release|Any CPU
		{0818ACE1-413B-465C-ABA2-9C07CFB3348C}.Release|Any CPU.Build.0 = Release|Any CPU
	EndGlobalSection
	GlobalSection(SolutionProperties) = preSolution
		HideSolutionNode = FALSE
	EndGlobalSection
	GlobalSection(ExtensibilityGlobals) = postSolution
		SolutionGuid = {C9B18E35-570F-4FE6-B7A6-BC97084B1BA3}
	EndGlobalSection
EndGlobal
